// !$*UTF8*$!
{
	archiveVersion = 1;
	classes = {
	};
	objectVersion = 56;
	objects = {

/* Begin PBXBuildFile section */
		3B29109F2AADF82D00C59E9A /* AppDelegate.swift in Sources */ = {isa = PBXBuildFile; fileRef = 3B29109E2AADF82D00C59E9A /* AppDelegate.swift */; };
		3B2910A12AADF82D00C59E9A /* SceneDelegate.swift in Sources */ = {isa = PBXBuildFile; fileRef = 3B2910A02AADF82D00C59E9A /* SceneDelegate.swift */; };
		3B2910A32AADF82D00C59E9A /* MainViewController.swift in Sources */ = {isa = PBXBuildFile; fileRef = 3B2910A22AADF82D00C59E9A /* MainViewController.swift */; };
		3B2910A62AADF82D00C59E9A /* Main.storyboard in Resources */ = {isa = PBXBuildFile; fileRef = 3B2910A42AADF82D00C59E9A /* Main.storyboard */; };
		3B2910A82AADF82E00C59E9A /* Assets.xcassets in Resources */ = {isa = PBXBuildFile; fileRef = 3B2910A72AADF82E00C59E9A /* Assets.xcassets */; };
		3B2910AB2AADF82E00C59E9A /* LaunchScreen.storyboard in Resources */ = {isa = PBXBuildFile; fileRef = 3B2910A92AADF82E00C59E9A /* LaunchScreen.storyboard */; };
		3B2910B72AADFA6300C59E9A /* Weather.swift in Sources */ = {isa = PBXBuildFile; fileRef = 3B2910B62AADFA6300C59E9A /* Weather.swift */; };
		3B2C9B482AB2740A00F3653C /* Extension + Int.swift in Sources */ = {isa = PBXBuildFile; fileRef = 3B2C9B472AB2740A00F3653C /* Extension + Int.swift */; };
		3B3CE0382AB04FC6001AB752 /* NetworkManager.swift in Sources */ = {isa = PBXBuildFile; fileRef = 3B3CE0372AB04FC6001AB752 /* NetworkManager.swift */; };
		3B3CE03D2AB076F9001AB752 /* CollectionViewController.swift in Sources */ = {isa = PBXBuildFile; fileRef = 3B3CE03C2AB076F9001AB752 /* CollectionViewController.swift */; };
		3B3E0CA12AB794B500BDB0CE /* SettingsViewController.swift in Sources */ = {isa = PBXBuildFile; fileRef = 3B3E0CA02AB794B500BDB0CE /* SettingsViewController.swift */; };
		3B3E0CA32AB7A36D00BDB0CE /* Extension + Double.swift in Sources */ = {isa = PBXBuildFile; fileRef = 3B3E0CA22AB7A36D00BDB0CE /* Extension + Double.swift */; };
		3B43B5432AB08A7E007FC659 /* CollectionViewCell.swift in Sources */ = {isa = PBXBuildFile; fileRef = 3B43B5422AB08A7E007FC659 /* CollectionViewCell.swift */; };
		3B4881FC2ABA3305002F91DA /* Alamofire in Frameworks */ = {isa = PBXBuildFile; productRef = 3B4881FB2ABA3305002F91DA /* Alamofire */; };
/* End PBXBuildFile section */

/* Begin PBXFileReference section */
		3B29109B2AADF82D00C59E9A /* WebWeather.app */ = {isa = PBXFileReference; explicitFileType = wrapper.application; includeInIndex = 0; path = WebWeather.app; sourceTree = BUILT_PRODUCTS_DIR; };
		3B29109E2AADF82D00C59E9A /* AppDelegate.swift */ = {isa = PBXFileReference; lastKnownFileType = sourcecode.swift; path = AppDelegate.swift; sourceTree = "<group>"; };
		3B2910A02AADF82D00C59E9A /* SceneDelegate.swift */ = {isa = PBXFileReference; lastKnownFileType = sourcecode.swift; path = SceneDelegate.swift; sourceTree = "<group>"; };
		3B2910A22AADF82D00C59E9A /* MainViewController.swift */ = {isa = PBXFileReference; lastKnownFileType = sourcecode.swift; path = MainViewController.swift; sourceTree = "<group>"; };
		3B2910A52AADF82D00C59E9A /* Base */ = {isa = PBXFileReference; lastKnownFileType = file.storyboard; name = Base; path = Base.lproj/Main.storyboard; sourceTree = "<group>"; };
		3B2910A72AADF82E00C59E9A /* Assets.xcassets */ = {isa = PBXFileReference; lastKnownFileType = folder.assetcatalog; path = Assets.xcassets; sourceTree = "<group>"; };
		3B2910AA2AADF82E00C59E9A /* Base */ = {isa = PBXFileReference; lastKnownFileType = file.storyboard; name = Base; path = Base.lproj/LaunchScreen.storyboard; sourceTree = "<group>"; };
		3B2910AC2AADF82E00C59E9A /* Info.plist */ = {isa = PBXFileReference; lastKnownFileType = text.plist.xml; path = Info.plist; sourceTree = "<group>"; };
		3B2910B62AADFA6300C59E9A /* Weather.swift */ = {isa = PBXFileReference; lastKnownFileType = sourcecode.swift; path = Weather.swift; sourceTree = "<group>"; };
		3B2C9B472AB2740A00F3653C /* Extension + Int.swift */ = {isa = PBXFileReference; lastKnownFileType = sourcecode.swift; path = "Extension + Int.swift"; sourceTree = "<group>"; };
		3B3CE0372AB04FC6001AB752 /* NetworkManager.swift */ = {isa = PBXFileReference; lastKnownFileType = sourcecode.swift; path = NetworkManager.swift; sourceTree = "<group>"; };
		3B3CE03C2AB076F9001AB752 /* CollectionViewController.swift */ = {isa = PBXFileReference; lastKnownFileType = sourcecode.swift; path = CollectionViewController.swift; sourceTree = "<group>"; };
		3B3E0CA02AB794B500BDB0CE /* SettingsViewController.swift */ = {isa = PBXFileReference; lastKnownFileType = sourcecode.swift; path = SettingsViewController.swift; sourceTree = "<group>"; };
		3B3E0CA22AB7A36D00BDB0CE /* Extension + Double.swift */ = {isa = PBXFileReference; lastKnownFileType = sourcecode.swift; path = "Extension + Double.swift"; sourceTree = "<group>"; };
		3B43B5422AB08A7E007FC659 /* CollectionViewCell.swift */ = {isa = PBXFileReference; lastKnownFileType = sourcecode.swift; path = CollectionViewCell.swift; sourceTree = "<group>"; };
/* End PBXFileReference section */

/* Begin PBXFrameworksBuildPhase section */
		3B2910982AADF82D00C59E9A /* Frameworks */ = {
			isa = PBXFrameworksBuildPhase;
			buildActionMask = 2147483647;
			files = (
				3B4881FC2ABA3305002F91DA /* Alamofire in Frameworks */,
			);
			runOnlyForDeploymentPostprocessing = 0;
		};
/* End PBXFrameworksBuildPhase section */

/* Begin PBXGroup section */
		3B2910922AADF82D00C59E9A = {
			isa = PBXGroup;
			children = (
				3B29109D2AADF82D00C59E9A /* WebWeather */,
				3B29109C2AADF82D00C59E9A /* Products */,
			);
			sourceTree = "<group>";
		};
		3B29109C2AADF82D00C59E9A /* Products */ = {
			isa = PBXGroup;
			children = (
				3B29109B2AADF82D00C59E9A /* WebWeather.app */,
			);
			name = Products;
			sourceTree = "<group>";
		};
		3B29109D2AADF82D00C59E9A /* WebWeather */ = {
			isa = PBXGroup;
			children = (
				3B2C9B462AB273F800F3653C /* Extensions */,
				3B43B53F2AB0895A007FC659 /* Views */,
				3B3CE0362AB04FB2001AB752 /* Services */,
				3B2910B52AADFA5100C59E9A /* Model */,
				3B2910B22AADF84F00C59E9A /* App */,
				3B2910B32AADF85700C59E9A /* View Controllers */,
				3B2910B42AADF86500C59E9A /* Storyboards */,
				3B2910A72AADF82E00C59E9A /* Assets.xcassets */,
			);
			path = WebWeather;
			sourceTree = "<group>";
		};
		3B2910B22AADF84F00C59E9A /* App */ = {
			isa = PBXGroup;
			children = (
				3B29109E2AADF82D00C59E9A /* AppDelegate.swift */,
				3B2910A02AADF82D00C59E9A /* SceneDelegate.swift */,
				3B2910AC2AADF82E00C59E9A /* Info.plist */,
			);
			path = App;
			sourceTree = "<group>";
		};
		3B2910B32AADF85700C59E9A /* View Controllers */ = {
			isa = PBXGroup;
			children = (
				3B2910A22AADF82D00C59E9A /* MainViewController.swift */,
				3B3CE03C2AB076F9001AB752 /* CollectionViewController.swift */,
				3B3E0CA02AB794B500BDB0CE /* SettingsViewController.swift */,
			);
			path = "View Controllers";
			sourceTree = "<group>";
		};
		3B2910B42AADF86500C59E9A /* Storyboards */ = {
			isa = PBXGroup;
			children = (
				3B2910A42AADF82D00C59E9A /* Main.storyboard */,
				3B2910A92AADF82E00C59E9A /* LaunchScreen.storyboard */,
			);
			path = Storyboards;
			sourceTree = "<group>";
		};
		3B2910B52AADFA5100C59E9A /* Model */ = {
			isa = PBXGroup;
			children = (
				3B2910B62AADFA6300C59E9A /* Weather.swift */,
			);
			path = Model;
			sourceTree = "<group>";
		};
		3B2C9B462AB273F800F3653C /* Extensions */ = {
			isa = PBXGroup;
			children = (
				3B2C9B472AB2740A00F3653C /* Extension + Int.swift */,
				3B3E0CA22AB7A36D00BDB0CE /* Extension + Double.swift */,
			);
			path = Extensions;
			sourceTree = "<group>";
		};
		3B3CE0362AB04FB2001AB752 /* Services */ = {
			isa = PBXGroup;
			children = (
				3B3CE0372AB04FC6001AB752 /* NetworkManager.swift */,
			);
			path = Services;
			sourceTree = "<group>";
		};
		3B43B53F2AB0895A007FC659 /* Views */ = {
			isa = PBXGroup;
			children = (
				3B43B5422AB08A7E007FC659 /* CollectionViewCell.swift */,
			);
			path = Views;
			sourceTree = "<group>";
		};
/* End PBXGroup section */

/* Begin PBXNativeTarget section */
		3B29109A2AADF82D00C59E9A /* WebWeather */ = {
			isa = PBXNativeTarget;
			buildConfigurationList = 3B2910AF2AADF82E00C59E9A /* Build configuration list for PBXNativeTarget "WebWeather" */;
			buildPhases = (
				3B2910972AADF82D00C59E9A /* Sources */,
				3B2910982AADF82D00C59E9A /* Frameworks */,
				3B2910992AADF82D00C59E9A /* Resources */,
			);
			buildRules = (
			);
			dependencies = (
			);
			name = WebWeather;
			packageProductDependencies = (
				3B4881FB2ABA3305002F91DA /* Alamofire */,
			);
			productName = WebWeather;
			productReference = 3B29109B2AADF82D00C59E9A /* WebWeather.app */;
			productType = "com.apple.product-type.application";
		};
/* End PBXNativeTarget section */

/* Begin PBXProject section */
		3B2910932AADF82D00C59E9A /* Project object */ = {
			isa = PBXProject;
			attributes = {
				BuildIndependentTargetsInParallel = 1;
				LastSwiftUpdateCheck = 1430;
				LastUpgradeCheck = 1430;
				TargetAttributes = {
					3B29109A2AADF82D00C59E9A = {
						CreatedOnToolsVersion = 14.3.1;
					};
				};
			};
			buildConfigurationList = 3B2910962AADF82D00C59E9A /* Build configuration list for PBXProject "WebWeather" */;
			compatibilityVersion = "Xcode 14.0";
			developmentRegion = en;
			hasScannedForEncodings = 0;
			knownRegions = (
				en,
				Base,
			);
			mainGroup = 3B2910922AADF82D00C59E9A;
			packageReferences = (
				3B4881FA2ABA3305002F91DA /* XCRemoteSwiftPackageReference "Alamofire" */,
			);
			productRefGroup = 3B29109C2AADF82D00C59E9A /* Products */;
			projectDirPath = "";
			projectRoot = "";
			targets = (
				3B29109A2AADF82D00C59E9A /* WebWeather */,
			);
		};
/* End PBXProject section */

/* Begin PBXResourcesBuildPhase section */
		3B2910992AADF82D00C59E9A /* Resources */ = {
			isa = PBXResourcesBuildPhase;
			buildActionMask = 2147483647;
			files = (
				3B2910AB2AADF82E00C59E9A /* LaunchScreen.storyboard in Resources */,
				3B2910A82AADF82E00C59E9A /* Assets.xcassets in Resources */,
				3B2910A62AADF82D00C59E9A /* Main.storyboard in Resources */,
			);
			runOnlyForDeploymentPostprocessing = 0;
		};
/* End PBXResourcesBuildPhase section */

/* Begin PBXSourcesBuildPhase section */
		3B2910972AADF82D00C59E9A /* Sources */ = {
			isa = PBXSourcesBuildPhase;
			buildActionMask = 2147483647;
			files = (
				3B3E0CA32AB7A36D00BDB0CE /* Extension + Double.swift in Sources */,
				3B3CE03D2AB076F9001AB752 /* CollectionViewController.swift in Sources */,
				3B2910B72AADFA6300C59E9A /* Weather.swift in Sources */,
				3B2910A32AADF82D00C59E9A /* MainViewController.swift in Sources */,
				3B2C9B482AB2740A00F3653C /* Extension + Int.swift in Sources */,
				3B43B5432AB08A7E007FC659 /* CollectionViewCell.swift in Sources */,
				3B3CE0382AB04FC6001AB752 /* NetworkManager.swift in Sources */,
				3B29109F2AADF82D00C59E9A /* AppDelegate.swift in Sources */,
				3B2910A12AADF82D00C59E9A /* SceneDelegate.swift in Sources */,
				3B3E0CA12AB794B500BDB0CE /* SettingsViewController.swift in Sources */,
			);
			runOnlyForDeploymentPostprocessing = 0;
		};
/* End PBXSourcesBuildPhase section */

/* Begin PBXVariantGroup section */
		3B2910A42AADF82D00C59E9A /* Main.storyboard */ = {
			isa = PBXVariantGroup;
			children = (
				3B2910A52AADF82D00C59E9A /* Base */,
			);
			name = Main.storyboard;
			sourceTree = "<group>";
		};
		3B2910A92AADF82E00C59E9A /* LaunchScreen.storyboard */ = {
			isa = PBXVariantGroup;
			children = (
				3B2910AA2AADF82E00C59E9A /* Base */,
			);
			name = LaunchScreen.storyboard;
			sourceTree = "<group>";
		};
/* End PBXVariantGroup section */

/* Begin XCBuildConfiguration section */
		3B2910AD2AADF82E00C59E9A /* Debug */ = {
			isa = XCBuildConfiguration;
			buildSettings = {
				ALWAYS_SEARCH_USER_PATHS = NO;
				CLANG_ANALYZER_NONNULL = YES;
				CLANG_ANALYZER_NUMBER_OBJECT_CONVERSION = YES_AGGRESSIVE;
				CLANG_CXX_LANGUAGE_STANDARD = "gnu++20";
				CLANG_ENABLE_MODULES = YES;
				CLANG_ENABLE_OBJC_ARC = YES;
				CLANG_ENABLE_OBJC_WEAK = YES;
				CLANG_WARN_BLOCK_CAPTURE_AUTORELEASING = YES;
				CLANG_WARN_BOOL_CONVERSION = YES;
				CLANG_WARN_COMMA = YES;
				CLANG_WARN_CONSTANT_CONVERSION = YES;
				CLANG_WARN_DEPRECATED_OBJC_IMPLEMENTATIONS = YES;
				CLANG_WARN_DIRECT_OBJC_ISA_USAGE = YES_ERROR;
				CLANG_WARN_DOCUMENTATION_COMMENTS = YES;
				CLANG_WARN_EMPTY_BODY = YES;
				CLANG_WARN_ENUM_CONVERSION = YES;
				CLANG_WARN_INFINITE_RECURSION = YES;
				CLANG_WARN_INT_CONVERSION = YES;
				CLANG_WARN_NON_LITERAL_NULL_CONVERSION = YES;
				CLANG_WARN_OBJC_IMPLICIT_RETAIN_SELF = YES;
				CLANG_WARN_OBJC_LITERAL_CONVERSION = YES;
				CLANG_WARN_OBJC_ROOT_CLASS = YES_ERROR;
				CLANG_WARN_QUOTED_INCLUDE_IN_FRAMEWORK_HEADER = YES;
				CLANG_WARN_RANGE_LOOP_ANALYSIS = YES;
				CLANG_WARN_STRICT_PROTOTYPES = YES;
				CLANG_WARN_SUSPICIOUS_MOVE = YES;
				CLANG_WARN_UNGUARDED_AVAILABILITY = YES_AGGRESSIVE;
				CLANG_WARN_UNREACHABLE_CODE = YES;
				CLANG_WARN__DUPLICATE_METHOD_MATCH = YES;
				COPY_PHASE_STRIP = NO;
				DEBUG_INFORMATION_FORMAT = dwarf;
				ENABLE_STRICT_OBJC_MSGSEND = YES;
				ENABLE_TESTABILITY = YES;
				GCC_C_LANGUAGE_STANDARD = gnu11;
				GCC_DYNAMIC_NO_PIC = NO;
				GCC_NO_COMMON_BLOCKS = YES;
				GCC_OPTIMIZATION_LEVEL = 0;
				GCC_PREPROCESSOR_DEFINITIONS = (
					"DEBUG=1",
					"$(inherited)",
				);
				GCC_WARN_64_TO_32_BIT_CONVERSION = YES;
				GCC_WARN_ABOUT_RETURN_TYPE = YES_ERROR;
				GCC_WARN_UNDECLARED_SELECTOR = YES;
				GCC_WARN_UNINITIALIZED_AUTOS = YES_AGGRESSIVE;
				GCC_WARN_UNUSED_FUNCTION = YES;
				GCC_WARN_UNUSED_VARIABLE = YES;
				INFOPLIST_KEY_NSLocationAlwaysAndWhenInUseUsageDescription = "";
				INFOPLIST_KEY_NSLocationTemporaryUsageDescriptionDictionary = "";
				INFOPLIST_KEY_NSLocationWhenInUseUsageDescription = "Доступ к геолокации нужен для отображения погоды по вашему местоположению";
				IPHONEOS_DEPLOYMENT_TARGET = 16.4;
				MTL_ENABLE_DEBUG_INFO = INCLUDE_SOURCE;
				MTL_FAST_MATH = YES;
				ONLY_ACTIVE_ARCH = YES;
				SDKROOT = iphoneos;
				SWIFT_ACTIVE_COMPILATION_CONDITIONS = DEBUG;
				SWIFT_OPTIMIZATION_LEVEL = "-Onone";
			};
			name = Debug;
		};
		3B2910AE2AADF82E00C59E9A /* Release */ = {
			isa = XCBuildConfiguration;
			buildSettings = {
				ALWAYS_SEARCH_USER_PATHS = NO;
				CLANG_ANALYZER_NONNULL = YES;
				CLANG_ANALYZER_NUMBER_OBJECT_CONVERSION = YES_AGGRESSIVE;
				CLANG_CXX_LANGUAGE_STANDARD = "gnu++20";
				CLANG_ENABLE_MODULES = YES;
				CLANG_ENABLE_OBJC_ARC = YES;
				CLANG_ENABLE_OBJC_WEAK = YES;
				CLANG_WARN_BLOCK_CAPTURE_AUTORELEASING = YES;
				CLANG_WARN_BOOL_CONVERSION = YES;
				CLANG_WARN_COMMA = YES;
				CLANG_WARN_CONSTANT_CONVERSION = YES;
				CLANG_WARN_DEPRECATED_OBJC_IMPLEMENTATIONS = YES;
				CLANG_WARN_DIRECT_OBJC_ISA_USAGE = YES_ERROR;
				CLANG_WARN_DOCUMENTATION_COMMENTS = YES;
				CLANG_WARN_EMPTY_BODY = YES;
				CLANG_WARN_ENUM_CONVERSION = YES;
				CLANG_WARN_INFINITE_RECURSION = YES;
				CLANG_WARN_INT_CONVERSION = YES;
				CLANG_WARN_NON_LITERAL_NULL_CONVERSION = YES;
				CLANG_WARN_OBJC_IMPLICIT_RETAIN_SELF = YES;
				CLANG_WARN_OBJC_LITERAL_CONVERSION = YES;
				CLANG_WARN_OBJC_ROOT_CLASS = YES_ERROR;
				CLANG_WARN_QUOTED_INCLUDE_IN_FRAMEWORK_HEADER = YES;
				CLANG_WARN_RANGE_LOOP_ANALYSIS = YES;
				CLANG_WARN_STRICT_PROTOTYPES = YES;
				CLANG_WARN_SUSPICIOUS_MOVE = YES;
				CLANG_WARN_UNGUARDED_AVAILABILITY = YES_AGGRESSIVE;
				CLANG_WARN_UNREACHABLE_CODE = YES;
				CLANG_WARN__DUPLICATE_METHOD_MATCH = YES;
				COPY_PHASE_STRIP = NO;
				DEBUG_INFORMATION_FORMAT = "dwarf-with-dsym";
				ENABLE_NS_ASSERTIONS = NO;
				ENABLE_STRICT_OBJC_MSGSEND = YES;
				GCC_C_LANGUAGE_STANDARD = gnu11;
				GCC_NO_COMMON_BLOCKS = YES;
				GCC_WARN_64_TO_32_BIT_CONVERSION = YES;
				GCC_WARN_ABOUT_RETURN_TYPE = YES_ERROR;
				GCC_WARN_UNDECLARED_SELECTOR = YES;
				GCC_WARN_UNINITIALIZED_AUTOS = YES_AGGRESSIVE;
				GCC_WARN_UNUSED_FUNCTION = YES;
				GCC_WARN_UNUSED_VARIABLE = YES;
				INFOPLIST_KEY_NSLocationAlwaysAndWhenInUseUsageDescription = "";
				INFOPLIST_KEY_NSLocationTemporaryUsageDescriptionDictionary = "";
				INFOPLIST_KEY_NSLocationWhenInUseUsageDescription = "Доступ к геолокации нужен для отображения погоды по вашему местоположению";
				IPHONEOS_DEPLOYMENT_TARGET = 16.4;
				MTL_ENABLE_DEBUG_INFO = NO;
				MTL_FAST_MATH = YES;
				SDKROOT = iphoneos;
				SWIFT_COMPILATION_MODE = wholemodule;
				SWIFT_OPTIMIZATION_LEVEL = "-O";
				VALIDATE_PRODUCT = YES;
			};
			name = Release;
		};
		3B2910B02AADF82E00C59E9A /* Debug */ = {
			isa = XCBuildConfiguration;
			buildSettings = {
				ASSETCATALOG_COMPILER_APPICON_NAME = AppIcon;
				ASSETCATALOG_COMPILER_GLOBAL_ACCENT_COLOR_NAME = AccentColor;
				CODE_SIGN_STYLE = Automatic;
				CURRENT_PROJECT_VERSION = 1;
				DEVELOPMENT_TEAM = V9G337EK28;
				GENERATE_INFOPLIST_FILE = YES;
				INFOPLIST_FILE = WebWeather/App/Info.plist;
				INFOPLIST_KEY_UIApplicationSupportsIndirectInputEvents = YES;
				INFOPLIST_KEY_UILaunchStoryboardName = LaunchScreen;
				INFOPLIST_KEY_UIMainStoryboardFile = Main;
				INFOPLIST_KEY_UISupportedInterfaceOrientations = UIInterfaceOrientationPortrait;
				INFOPLIST_KEY_UISupportedInterfaceOrientations_iPad = "UIInterfaceOrientationLandscapeLeft UIInterfaceOrientationLandscapeRight UIInterfaceOrientationPortrait UIInterfaceOrientationPortraitUpsideDown";
				INFOPLIST_KEY_UIUserInterfaceStyle = Light;
				IPHONEOS_DEPLOYMENT_TARGET = 15.0;
				LD_RUNPATH_SEARCH_PATHS = (
					"$(inherited)",
					"@executable_path/Frameworks",
				);
				MARKETING_VERSION = 1.0;
				PRODUCT_BUNDLE_IDENTIFIER = com.swiftbook.hw.WebWeather;
				PRODUCT_NAME = "$(TARGET_NAME)";
				SUPPORTED_PLATFORMS = "iphoneos iphonesimulator";
				SUPPORTS_MACCATALYST = NO;
				SUPPORTS_MAC_DESIGNED_FOR_IPHONE_IPAD = NO;
				SWIFT_EMIT_LOC_STRINGS = YES;
				SWIFT_VERSION = 5.0;
				TARGETED_DEVICE_FAMILY = 1;
			};
			name = Debug;
		};
		3B2910B12AADF82E00C59E9A /* Release */ = {
			isa = XCBuildConfiguration;
			buildSettings = {
				ASSETCATALOG_COMPILER_APPICON_NAME = AppIcon;
				ASSETCATALOG_COMPILER_GLOBAL_ACCENT_COLOR_NAME = AccentColor;
				CODE_SIGN_STYLE = Automatic;
				CURRENT_PROJECT_VERSION = 1;
				DEVELOPMENT_TEAM = V9G337EK28;
				GENERATE_INFOPLIST_FILE = YES;
				INFOPLIST_FILE = WebWeather/App/Info.plist;
				INFOPLIST_KEY_UIApplicationSupportsIndirectInputEvents = YES;
				INFOPLIST_KEY_UILaunchStoryboardName = LaunchScreen;
				INFOPLIST_KEY_UIMainStoryboardFile = Main;
				INFOPLIST_KEY_UISupportedInterfaceOrientations = UIInterfaceOrientationPortrait;
				INFOPLIST_KEY_UISupportedInterfaceOrientations_iPad = "UIInterfaceOrientationLandscapeLeft UIInterfaceOrientationLandscapeRight UIInterfaceOrientationPortrait UIInterfaceOrientationPortraitUpsideDown";
				INFOPLIST_KEY_UIUserInterfaceStyle = Light;
				IPHONEOS_DEPLOYMENT_TARGET = 15.0;
				LD_RUNPATH_SEARCH_PATHS = (
					"$(inherited)",
					"@executable_path/Frameworks",
				);
				MARKETING_VERSION = 1.0;
				PRODUCT_BUNDLE_IDENTIFIER = com.swiftbook.hw.WebWeather;
				PRODUCT_NAME = "$(TARGET_NAME)";
				SUPPORTED_PLATFORMS = "iphoneos iphonesimulator";
				SUPPORTS_MACCATALYST = NO;
				SUPPORTS_MAC_DESIGNED_FOR_IPHONE_IPAD = NO;
				SWIFT_EMIT_LOC_STRINGS = YES;
				SWIFT_VERSION = 5.0;
				TARGETED_DEVICE_FAMILY = 1;
			};
			name = Release;
		};
/* End XCBuildConfiguration section */

/* Begin XCConfigurationList section */
		3B2910962AADF82D00C59E9A /* Build configuration list for PBXProject "WebWeather" */ = {
			isa = XCConfigurationList;
			buildConfigurations = (
				3B2910AD2AADF82E00C59E9A /* Debug */,
				3B2910AE2AADF82E00C59E9A /* Release */,
			);
			defaultConfigurationIsVisible = 0;
			defaultConfigurationName = Release;
		};
		3B2910AF2AADF82E00C59E9A /* Build configuration list for PBXNativeTarget "WebWeather" */ = {
			isa = XCConfigurationList;
			buildConfigurations = (
				3B2910B02AADF82E00C59E9A /* Debug */,
				3B2910B12AADF82E00C59E9A /* Release */,
			);
			defaultConfigurationIsVisible = 0;
			defaultConfigurationName = Release;
		};
/* End XCConfigurationList section */

/* Begin XCRemoteSwiftPackageReference section */
		3B4881FA2ABA3305002F91DA /* XCRemoteSwiftPackageReference "Alamofire" */ = {
			isa = XCRemoteSwiftPackageReference;
			repositoryURL = "https://github.com/Alamofire/Alamofire.git";
			requirement = {
				kind = exactVersion;
				version = 5.0.0;
			};
		};
/* End XCRemoteSwiftPackageReference section */

/* Begin XCSwiftPackageProductDependency section */
		3B4881FB2ABA3305002F91DA /* Alamofire */ = {
			isa = XCSwiftPackageProductDependency;
			package = 3B4881FA2ABA3305002F91DA /* XCRemoteSwiftPackageReference "Alamofire" */;
			productName = Alamofire;
		};
/* End XCSwiftPackageProductDependency section */
	};
	rootObject = 3B2910932AADF82D00C59E9A /* Project object */;
}
